
Microsoft Visual Studio Solution File, Format Version 12.00
# Visual Studio Version 16
VisualStudioVersion = 16.0.29424.173
MinimumVisualStudioVersion = 10.0.40219.1
Project("{FAE04EC0-301F-11D3-BF4B-00C04F79EFBC}") = "Winloc", "Winloc\Winloc.csproj", "{205CC6F6-931B-4336-91FD-C9FDF584A91A}"
EndProject
Global
	GlobalSection(SolutionConfigurationPlatforms) = preSolution
		Debug|Any CPU = Debug|Any CPU
		Release|Any CPU = Release|Any CPU
	EndGlobalSection
	GlobalSection(ProjectConfigurationPlatforms) = postSolution
		{205CC6F6-931B-4336-91FD-C9FDF584A91A}.Debug|Any CPU.ActiveCfg = Debug|Any CPU
		{205CC6F6-931B-4336-91FD-C9FDF584A91A}.Debug|Any CPU.Build.0 = Debug|Any CPU
		{205CC6F6-931B-4336-91FD-C9FDF584A91A}.Release|Any CPU.ActiveCfg = Release|Any CPU
		{205CC6F6-931B-4336-91FD-C9FDF584A91A}.Release|Any CPU.Build.0 = Release|Any CPU
	EndGlobalSection
	GlobalSection(SolutionProperties) = preSolution
		HideSolutionNode = FALSE
	EndGlobalSection
	GlobalSection(ExtensibilityGlobals) = postSolution
		SolutionGuid = {1B2A6601-1F94-4D81-B041-056DE8E97A9D}
	EndGlobalSection
EndGlobal
